
Microsoft Visual Studio Solution File, Format Version 12.00
# Visual Studio Version 17
VisualStudioVersion = 17.2.32616.157
MinimumVisualStudioVersion = 10.0.40219.1
Project("{FAE04EC0-301F-11D3-BF4B-00C04F79EFBC}") = "OPenClosedPrinciple", "OPenClosedPrinciple\OPenClosedPrinciple.csproj", "{AFEB6667-144C-45BE-9CAA-E841752E5048}"
EndProject
Global
	GlobalSection(SolutionConfigurationPlatforms) = preSolution
		Debug|Any CPU = Debug|Any CPU
		Release|Any CPU = Release|Any CPU
	EndGlobalSection
	GlobalSection(ProjectConfigurationPlatforms) = postSolution
		{AFEB6667-144C-45BE-9CAA-E841752E5048}.Debug|Any CPU.ActiveCfg = Debug|Any CPU
		{AFEB6667-144C-45BE-9CAA-E841752E5048}.Debug|Any CPU.Build.0 = Debug|Any CPU
		{AFEB6667-144C-45BE-9CAA-E841752E5048}.Release|Any CPU.ActiveCfg = Release|Any CPU
		{AFEB6667-144C-45BE-9CAA-E841752E5048}.Release|Any CPU.Build.0 = Release|Any CPU
	EndGlobalSection
	GlobalSection(SolutionProperties) = preSolution
		HideSolutionNode = FALSE
	EndGlobalSection
	GlobalSection(ExtensibilityGlobals) = postSolution
		SolutionGuid = {765F3C5A-DA9E-436D-AB55-BF76752538FD}
	EndGlobalSection
EndGlobal
